PODS:
  - Alamofire (4.8.1)
  - BMPlayer (1.0.2):
    - BMPlayer/Full (= 1.0.2)
  - BMPlayer/Core (1.0.2)
  - BMPlayer/Full (1.0.2):
    - BMPlayer/Core
    - NVActivityIndicatorView (~> 4.4.0)
    - SnapKit (~> 4.2.0)
  - HandyJSON (4.2.1)
  - NVActivityIndicatorView (4.4.1):
    - NVActivityIndicatorView/Presenter (= 4.4.1)
  - NVActivityIndicatorView/Presenter (4.4.1)
  - Player (0.12.1)
  - SnapKit (4.2.0)
  - SVProgressHUD (2.2.5)
  - SwiftyJSON (4.2.0)

DEPENDENCIES:
  - Alamofire
  - BMPlayer (from `https://github.com/ceeyang/BMPlayer.git`)
  - HandyJSON
  - Player
  - SnapKit (~> 4.2.0)
  - SVProgressHUD
  - SwiftyJSON

SPEC REPOS:
  https://github.com/cocoapods/specs.git:
    - Alamofire
    - HandyJSON
    - NVActivityIndicatorView
    - Player
    - SnapKit
    - SVProgressHUD
    - SwiftyJSON

EXTERNAL SOURCES:
  BMPlayer:
    :git: https://github.com/ceeyang/BMPlayer.git

CHECKOUT OPTIONS:
  BMPlayer:
    :commit: fd73c2663e2f89327a53f7a8e77ecb0695fe4b1f
    :git: https://github.com/ceeyang/BMPlayer.git

SPEC CHECKSUMS:
  Alamofire: 16ce2c353fb72865124ddae8a57c5942388f4f11
  BMPlayer: 1b1939fa311d7c04fed8940208cfaf3ba898fb6a
  HandyJSON: d0c5fc80204f29056d59d3e5c4587fa0b16b60a8
  NVActivityIndicatorView: f0a6b0ed2973d9544da268f4eb76696f0a9577b0
  Player: ae8070a33c9360f5c93c247c00236b9489f62fca
  SnapKit: fe8a619752f3f27075cc9a90244d75c6c3f27e2a
  SVProgressHUD: 1428aafac632c1f86f62aa4243ec12008d7a51d6
  SwiftyJSON: c4bcba26dd9ec7a027fc8eade48e2c911f229e96

PODFILE CHECKSUM: 68fd42f6191f595386add161cbfc2471ff69b3b4

COCOAPODS: 1.5.3
